github.com/valkey-io/valkey-go v1.0.74 h1:NqtBHzjybz+is+c71hsyZP7hoE5lwCHQX026me0Vb08=
github.com/valkey-io/valkey-go v1.0.74/go.mod h1:VGhZ6fs68Qrn2+OhH+6waZH27bjpgQOiLyUQyXuYK5k=
golang.org/x/sys v0.39.0 h1:CvCKL8MeisomCi6qNZ+wbb0DN9E5AATixKsvNtMoMFk=
golang.org/x/sys v0.39.0/go.mod h1:OgkHotnGiDImocRcuBABYBEXf8A9a87e/uXjp9XT3ks=
